
Microsoft Visual Studio Solution File, Format Version 12.00
# Visual Studio Version 17
VisualStudioVersion = 17.3.32825.248
MinimumVisualStudioVersion = 10.0.40219.1
Project("{FAE04EC0-301F-11D3-BF4B-00C04F79EFBC}") = "HelloCS", "HelloCS\HelloCS.csproj", "{0CF36CB8-9B72-43EB-9E53-ED2F623ACBB7}"
EndProject
Global
	GlobalSection(SolutionConfigurationPlatforms) = preSolution
		Debug|Any CPU = Debug|Any CPU
		Release|Any CPU = Release|Any CPU
	EndGlobalSection
	GlobalSection(ProjectConfigurationPlatforms) = postSolution
		{0CF36CB8-9B72-43EB-9E53-ED2F623ACBB7}.Debug|Any CPU.ActiveCfg = Debug|Any CPU
		{0CF36CB8-9B72-43EB-9E53-ED2F623ACBB7}.Debug|Any CPU.Build.0 = Debug|Any CPU
		{0CF36CB8-9B72-43EB-9E53-ED2F623ACBB7}.Release|Any CPU.ActiveCfg = Release|Any CPU
		{0CF36CB8-9B72-43EB-9E53-ED2F623ACBB7}.Release|Any CPU.Build.0 = Release|Any CPU
	EndGlobalSection
	GlobalSection(SolutionProperties) = preSolution
		HideSolutionNode = FALSE
	EndGlobalSection
	GlobalSection(ExtensibilityGlobals) = postSolution
		SolutionGuid = {42C3CEF0-1C3C-41BE-B0D7-E63E08E4B359}
	EndGlobalSection
EndGlobal
